PODS:
  - EdfaPgSdk (1.0.4)

DEPENDENCIES:
  - EdfaPgSdk (from `../edfa-pg-ios-sdk-pod`)

EXTERNAL SOURCES:
  EdfaPgSdk:
    :path: "../edfa-pg-ios-sdk-pod"

SPEC CHECKSUMS:
  EdfaPgSdk: 5b09e08943d63abfddec46d76efaf25cc143f5c9

PODFILE CHECKSUM: bf1fc3b820f5c65d73b0f6b93a6d6688e4e8b1b1

COCOAPODS: 1.15.2
