PODS:
  - EdfaPgSdk (0.0.1)

DEPENDENCIES:
  - EdfaPgSdk (from `../edfapay-pg-ios-sdk-pod.git`)

EXTERNAL SOURCES:
  EdfaPgSdk:
    :path: "../edfapay-pg-ios-sdk-pod.git"

SPEC CHECKSUMS:
  EdfaPgSdk: 481f4516dc0e6173f42b4beaa405e3aed31c6897

PODFILE CHECKSUM: 715cf336c153c1d841e18bca4d23475d8bf7ae2d

COCOAPODS: 1.13.0
