PODS:
  - EdfaPgSdk (1.0.4)

DEPENDENCIES:
  - EdfaPgSdk (from `../edfa-pg-ios-sdk-pod`)

EXTERNAL SOURCES:
  EdfaPgSdk:
    :path: "../edfa-pg-ios-sdk-pod"

SPEC CHECKSUMS:
  EdfaPgSdk: 81a7ce184c1f04a2ee33f5ecfb2bb52c3d2bb268

PODFILE CHECKSUM: 5c384f426b872835d6dbbf5d5799e79ef4175fe1

COCOAPODS: 1.13.0
